{
    "composer/package-versions-deprecated": {
        "version": "1.11.99.4"
    },
    "doctrine/dbal": {
        "version": "3.1.4"
    },
    "doctrine/deprecations": {
        "version": "v0.5.3"
    },
    "doctrine/doctrine-bundle": {
        "version": "2.5",
        "recipe": {
            "repo": "github.com/symfony/recipes",
            "branch": "master",
            "version": "2.4",
            "ref": "032f52ed50a27762b78ca6a2aaf432958c473553"
        },
        "files": [
            "config/packages/doctrine.yaml",
            "config/packages/prod/doctrine.yaml",
            "config/packages/test/doctrine.yaml",
            "src/Entity/.gitignore",
            "src/Repository/.gitignore"
        ]
    },
    "doctrine/doctrine-migrations-bundle": {
        "version": "3.2",
        "recipe": {
            "repo": "github.com/symfony/recipes",
            "branch": "master",
            "version": "3.1",
            "ref": "ee609429c9ee23e22d6fa5728211768f51ed2818"
        },
        "files": [
            "config/packages/doctrine_migrations.yaml",
            "migrations/.gitignore"
        ]
    },
    "doctrine/migrations": {
        "version": "3.3.2"
    },
    "doctrine/orm": {
        "version": "2.10.2"
    },
    "doctrine/sql-formatter": {
        "version": "1.1.2"
    },
    "friendsofphp/proxy-manager-lts": {
        "version": "v1.0.5"
    },
    "laminas/laminas-code": {
        "version": "4.4.3"
    },
    "roave/security-advisories": {
        "version": "dev-latest"
    },
    "symfony/doctrine-bridge": {
        "version": "v5.3.11"
    }
}
